Microsoft Visual Studio Solution File, Format Version 12.00
# Visual Studio Version 17
VisualStudioVersion = 17.2.32519.379
MinimumVisualStudioVersion = 10.0.40219.1
Project("{FAE04EC0-301F-11D3-BF4B-00C04F79EFBC}") = "Linphone", "Linphone\Linphone.csproj", "{6122CCBD-FB37-48CE-9C50-0C8A35003AE6}"
	ProjectSection(ProjectDependencies) = postProject
		{088A6C0F-16FA-4360-93C7-D781244E77FD} = {088A6C0F-16FA-4360-93C7-D781244E77FD}
	EndProjectSection
EndProject
Project("{FAE04EC0-301F-11D3-BF4B-00C04F79EFBC}") = "LinphoneTasks", "Linphone\Tasks\LinphoneTasks.csproj", "{088A6C0F-16FA-4360-93C7-D781244E77FD}"
EndProject
Project("{9A19103F-16F7-4668-BE54-9A1E7A4F7556}") = "BSN.Resa.Vns.Locale", "BSN.Resa.Vns.Locale\BSN.Resa.Vns.Locale.csproj", "{FFBFE3A1-0678-4103-A976-3F0DF1993DF8}"
EndProject
Project("{9A19103F-16F7-4668-BE54-9A1E7A4F7556}") = "BSN.Resa.Vns.Commons", "BSN.Resa.Vns.Commons\BSN.Resa.Vns.Commons.csproj", "{59B6FC97-351C-4800-8C53-D19FA5DB1C95}"
EndProject
Project("{9A19103F-16F7-4668-BE54-9A1E7A4F7556}") = "BSN.Resa.Mci.CallCenter.AgentApp.Data", "BSN.Resa.Mci.CallCenter.AgentApp.Data\BSN.Resa.Mci.CallCenter.AgentApp.Data.csproj", "{FEF53D4B-04B8-44C7-970B-46C0231A1D34}"
EndProject
Project("{9A19103F-16F7-4668-BE54-9A1E7A4F7556}") = "BSN.Resa.Mci.CallCenter.AgentApp.Domain", "BSN.Resa.Mci.CallCenter.AgentApp.Domain\BSN.Resa.Mci.CallCenter.AgentApp.Domain.csproj", "{A443294E-EA76-456F-BBB5-D17E84CE259F}"
EndProject
Project("{2150E333-8FDC-42A3-9474-1A3956D46DE8}") = "Documentation", "Documentation", "{169EEAAF-79AC-4CCD-9AF7-6851351E2F0D}"
	ProjectSection(SolutionItems) = preProject
		Documentation\Call State Transition in Agent Panel.vsdx = Documentation\Call State Transition in Agent Panel.vsdx
	EndProjectSection
EndProject
Project("{FAE04EC0-301F-11D3-BF4B-00C04F79EFBC}") = "BSN.LinphoneSDK", "BSN.LinphoneSDK\BSN.LinphoneSDK.csproj", "{322C487B-F614-4788-8E31-F75B717474A1}"
EndProject
Project("{9A19103F-16F7-4668-BE54-9A1E7A4F7556}") = "BSN.Resa.Mci.CallCenter.Presentation.Dto", "BSN.Resa.Mci.CallCenter.Presentation.Dto\BSN.Resa.Mci.CallCenter.Presentation.Dto.csproj", "{BBA6AE6D-443A-4D05-9E3F-2925F8EB3C10}"
EndProject
Global
	GlobalSection(SolutionConfigurationPlatforms) = preSolution
		Debug|Any CPU = Debug|Any CPU
		Debug|ARM = Debug|ARM
		Debug|ARM64 = Debug|ARM64
		Debug|x64 = Debug|x64
		Debug|x86 = Debug|x86
		Release|Any CPU = Release|Any CPU
		Release|ARM = Release|ARM
		Release|ARM64 = Release|ARM64
		Release|x64 = Release|x64
		Release|x86 = Release|x86
	EndGlobalSection
	GlobalSection(ProjectConfigurationPlatforms) = postSolution
		{6122CCBD-FB37-48CE-9C50-0C8A35003AE6}.Debug|Any CPU.ActiveCfg = Debug|x64
		{6122CCBD-FB37-48CE-9C50-0C8A35003AE6}.Debug|Any CPU.Build.0 = Debug|x64
		{6122CCBD-FB37-48CE-9C50-0C8A35003AE6}.Debug|Any CPU.Deploy.0 = Debug|x64
		{6122CCBD-FB37-48CE-9C50-0C8A35003AE6}.Debug|ARM.ActiveCfg = Release|x64
		{6122CCBD-FB37-48CE-9C50-0C8A35003AE6}.Debug|ARM.Build.0 = Release|x64
		{6122CCBD-FB37-48CE-9C50-0C8A35003AE6}.Debug|ARM64.ActiveCfg = Debug|x64
		{6122CCBD-FB37-48CE-9C50-0C8A35003AE6}.Debug|ARM64.Build.0 = Debug|x64
		{6122CCBD-FB37-48CE-9C50-0C8A35003AE6}.Debug|ARM64.Deploy.0 = Debug|x64
		{6122CCBD-FB37-48CE-9C50-0C8A35003AE6}.Debug|x64.ActiveCfg = Debug|x64
		{6122CCBD-FB37-48CE-9C50-0C8A35003AE6}.Debug|x64.Build.0 = Debug|x64
		{6122CCBD-FB37-48CE-9C50-0C8A35003AE6}.Debug|x64.Deploy.0 = Debug|x64
		{6122CCBD-FB37-48CE-9C50-0C8A35003AE6}.Debug|x86.ActiveCfg = Debug|x86
		{6122CCBD-FB37-48CE-9C50-0C8A35003AE6}.Debug|x86.Build.0 = Debug|x86
		{6122CCBD-FB37-48CE-9C50-0C8A35003AE6}.Debug|x86.Deploy.0 = Debug|x86
		{6122CCBD-FB37-48CE-9C50-0C8A35003AE6}.Release|Any CPU.ActiveCfg = Release|x64
		{6122CCBD-FB37-48CE-9C50-0C8A35003AE6}.Release|ARM.ActiveCfg = Release|x64
		{6122CCBD-FB37-48CE-9C50-0C8A35003AE6}.Release|ARM64.ActiveCfg = Release|x64
		{6122CCBD-FB37-48CE-9C50-0C8A35003AE6}.Release|ARM64.Build.0 = Release|x64
		{6122CCBD-FB37-48CE-9C50-0C8A35003AE6}.Release|ARM64.Deploy.0 = Release|x64
		{6122CCBD-FB37-48CE-9C50-0C8A35003AE6}.Release|x64.ActiveCfg = Release|x64
		{6122CCBD-FB37-48CE-9C50-0C8A35003AE6}.Release|x64.Build.0 = Release|x64
		{6122CCBD-FB37-48CE-9C50-0C8A35003AE6}.Release|x64.Deploy.0 = Release|x64
		{6122CCBD-FB37-48CE-9C50-0C8A35003AE6}.Release|x86.ActiveCfg = Release|x86
		{6122CCBD-FB37-48CE-9C50-0C8A35003AE6}.Release|x86.Build.0 = Release|x86
		{6122CCBD-FB37-48CE-9C50-0C8A35003AE6}.Release|x86.Deploy.0 = Release|x86
		{088A6C0F-16FA-4360-93C7-D781244E77FD}.Debug|Any CPU.ActiveCfg = Debug|Any CPU
		{088A6C0F-16FA-4360-93C7-D781244E77FD}.Debug|Any CPU.Build.0 = Debug|Any CPU
		{088A6C0F-16FA-4360-93C7-D781244E77FD}.Debug|ARM.ActiveCfg = Debug|ARM
		{088A6C0F-16FA-4360-93C7-D781244E77FD}.Debug|ARM.Build.0 = Debug|ARM
		{088A6C0F-16FA-4360-93C7-D781244E77FD}.Debug|ARM64.ActiveCfg = Debug|Any CPU
		{088A6C0F-16FA-4360-93C7-D781244E77FD}.Debug|ARM64.Build.0 = Debug|Any CPU
		{088A6C0F-16FA-4360-93C7-D781244E77FD}.Debug|x64.ActiveCfg = Debug|x64
		{088A6C0F-16FA-4360-93C7-D781244E77FD}.Debug|x64.Build.0 = Debug|x64
		{088A6C0F-16FA-4360-93C7-D781244E77FD}.Debug|x86.ActiveCfg = Debug|x86
		{088A6C0F-16FA-4360-93C7-D781244E77FD}.Debug|x86.Build.0 = Debug|x86
		{088A6C0F-16FA-4360-93C7-D781244E77FD}.Release|Any CPU.ActiveCfg = Release|Any CPU
		{088A6C0F-16FA-4360-93C7-D781244E77FD}.Release|Any CPU.Build.0 = Release|Any CPU
		{088A6C0F-16FA-4360-93C7-D781244E77FD}.Release|ARM.ActiveCfg = Release|ARM
		{088A6C0F-16FA-4360-93C7-D781244E77FD}.Release|ARM.Build.0 = Release|ARM
		{088A6C0F-16FA-4360-93C7-D781244E77FD}.Release|ARM64.ActiveCfg = Release|Any CPU
		{088A6C0F-16FA-4360-93C7-D781244E77FD}.Release|ARM64.Build.0 = Release|Any CPU
		{088A6C0F-16FA-4360-93C7-D781244E77FD}.Release|x64.ActiveCfg = Release|x64
		{088A6C0F-16FA-4360-93C7-D781244E77FD}.Release|x64.Build.0 = Release|x64
		{088A6C0F-16FA-4360-93C7-D781244E77FD}.Release|x86.ActiveCfg = Release|x86
		{088A6C0F-16FA-4360-93C7-D781244E77FD}.Release|x86.Build.0 = Release|x86
		{FFBFE3A1-0678-4103-A976-3F0DF1993DF8}.Debug|Any CPU.ActiveCfg = Debug|Any CPU
		{FFBFE3A1-0678-4103-A976-3F0DF1993DF8}.Debug|Any CPU.Build.0 = Debug|Any CPU
		{FFBFE3A1-0678-4103-A976-3F0DF1993DF8}.Debug|ARM.ActiveCfg = Debug|Any CPU
		{FFBFE3A1-0678-4103-A976-3F0DF1993DF8}.Debug|ARM.Build.0 = Debug|Any CPU
		{FFBFE3A1-0678-4103-A976-3F0DF1993DF8}.Debug|ARM64.ActiveCfg = Debug|Any CPU
		{FFBFE3A1-0678-4103-A976-3F0DF1993DF8}.Debug|ARM64.Build.0 = Debug|Any CPU
		{FFBFE3A1-0678-4103-A976-3F0DF1993DF8}.Debug|x64.ActiveCfg = Debug|Any CPU
		{FFBFE3A1-0678-4103-A976-3F0DF1993DF8}.Debug|x64.Build.0 = Debug|Any CPU
		{FFBFE3A1-0678-4103-A976-3F0DF1993DF8}.Debug|x86.ActiveCfg = Debug|Any CPU
		{FFBFE3A1-0678-4103-A976-3F0DF1993DF8}.Debug|x86.Build.0 = Debug|Any CPU
		{FFBFE3A1-0678-4103-A976-3F0DF1993DF8}.Release|Any CPU.ActiveCfg = Release|Any CPU
		{FFBFE3A1-0678-4103-A976-3F0DF1993DF8}.Release|Any CPU.Build.0 = Release|Any CPU
		{FFBFE3A1-0678-4103-A976-3F0DF1993DF8}.Release|ARM.ActiveCfg = Release|Any CPU
		{FFBFE3A1-0678-4103-A976-3F0DF1993DF8}.Release|ARM.Build.0 = Release|Any CPU
		{FFBFE3A1-0678-4103-A976-3F0DF1993DF8}.Release|ARM64.ActiveCfg = Release|Any CPU
		{FFBFE3A1-0678-4103-A976-3F0DF1993DF8}.Release|ARM64.Build.0 = Release|Any CPU
		{FFBFE3A1-0678-4103-A976-3F0DF1993DF8}.Release|x64.ActiveCfg = Release|Any CPU
		{FFBFE3A1-0678-4103-A976-3F0DF1993DF8}.Release|x64.Build.0 = Release|Any CPU
		{FFBFE3A1-0678-4103-A976-3F0DF1993DF8}.Release|x86.ActiveCfg = Release|Any CPU
		{FFBFE3A1-0678-4103-A976-3F0DF1993DF8}.Release|x86.Build.0 = Release|Any CPU
		{59B6FC97-351C-4800-8C53-D19FA5DB1C95}.Debug|Any CPU.ActiveCfg = Debug|Any CPU
		{59B6FC97-351C-4800-8C53-D19FA5DB1C95}.Debug|Any CPU.Build.0 = Debug|Any CPU
		{59B6FC97-351C-4800-8C53-D19FA5DB1C95}.Debug|ARM.ActiveCfg = Debug|Any CPU
		{59B6FC97-351C-4800-8C53-D19FA5DB1C95}.Debug|ARM.Build.0 = Debug|Any CPU
		{59B6FC97-351C-4800-8C53-D19FA5DB1C95}.Debug|ARM64.ActiveCfg = Debug|Any CPU
		{59B6FC97-351C-4800-8C53-D19FA5DB1C95}.Debug|ARM64.Build.0 = Debug|Any CPU
		{59B6FC97-351C-4800-8C53-D19FA5DB1C95}.Debug|x64.ActiveCfg = Debug|Any CPU
		{59B6FC97-351C-4800-8C53-D19FA5DB1C95}.Debug|x64.Build.0 = Debug|Any CPU
		{59B6FC97-351C-4800-8C53-D19FA5DB1C95}.Debug|x86.ActiveCfg = Debug|Any CPU
		{59B6FC97-351C-4800-8C53-D19FA5DB1C95}.Debug|x86.Build.0 = Debug|Any CPU
		{59B6FC97-351C-4800-8C53-D19FA5DB1C95}.Release|Any CPU.ActiveCfg = Release|Any CPU
		{59B6FC97-351C-4800-8C53-D19FA5DB1C95}.Release|Any CPU.Build.0 = Release|Any CPU
		{59B6FC97-351C-4800-8C53-D19FA5DB1C95}.Release|ARM.ActiveCfg = Release|Any CPU
		{59B6FC97-351C-4800-8C53-D19FA5DB1C95}.Release|ARM.Build.0 = Release|Any CPU
		{59B6FC97-351C-4800-8C53-D19FA5DB1C95}.Release|ARM64.ActiveCfg = Release|Any CPU
		{59B6FC97-351C-4800-8C53-D19FA5DB1C95}.Release|ARM64.Build.0 = Release|Any CPU
		{59B6FC97-351C-4800-8C53-D19FA5DB1C95}.Release|x64.ActiveCfg = Release|Any CPU
		{59B6FC97-351C-4800-8C53-D19FA5DB1C95}.Release|x64.Build.0 = Release|Any CPU
		{59B6FC97-351C-4800-8C53-D19FA5DB1C95}.Release|x86.ActiveCfg = Release|Any CPU
		{59B6FC97-351C-4800-8C53-D19FA5DB1C95}.Release|x86.Build.0 = Release|Any CPU
		{FEF53D4B-04B8-44C7-970B-46C0231A1D34}.Debug|Any CPU.ActiveCfg = Debug|Any CPU
		{FEF53D4B-04B8-44C7-970B-46C0231A1D34}.Debug|Any CPU.Build.0 = Debug|Any CPU
		{FEF53D4B-04B8-44C7-970B-46C0231A1D34}.Debug|ARM.ActiveCfg = Debug|Any CPU
		{FEF53D4B-04B8-44C7-970B-46C0231A1D34}.Debug|ARM.Build.0 = Debug|Any CPU
		{FEF53D4B-04B8-44C7-970B-46C0231A1D34}.Debug|ARM64.ActiveCfg = Debug|Any CPU
		{FEF53D4B-04B8-44C7-970B-46C0231A1D34}.Debug|ARM64.Build.0 = Debug|Any CPU
		{FEF53D4B-04B8-44C7-970B-46C0231A1D34}.Debug|x64.ActiveCfg = Debug|Any CPU
		{FEF53D4B-04B8-44C7-970B-46C0231A1D34}.Debug|x64.Build.0 = Debug|Any CPU
		{FEF53D4B-04B8-44C7-970B-46C0231A1D34}.Debug|x86.ActiveCfg = Debug|Any CPU
		{FEF53D4B-04B8-44C7-970B-46C0231A1D34}.Debug|x86.Build.0 = Debug|Any CPU
		{FEF53D4B-04B8-44C7-970B-46C0231A1D34}.Release|Any CPU.ActiveCfg = Release|Any CPU
		{FEF53D4B-04B8-44C7-970B-46C0231A1D34}.Release|Any CPU.Build.0 = Release|Any CPU
		{FEF53D4B-04B8-44C7-970B-46C0231A1D34}.Release|ARM.ActiveCfg = Release|Any CPU
		{FEF53D4B-04B8-44C7-970B-46C0231A1D34}.Release|ARM.Build.0 = Release|Any CPU
		{FEF53D4B-04B8-44C7-970B-46C0231A1D34}.Release|ARM64.ActiveCfg = Release|Any CPU
		{FEF53D4B-04B8-44C7-970B-46C0231A1D34}.Release|ARM64.Build.0 = Release|Any CPU
		{FEF53D4B-04B8-44C7-970B-46C0231A1D34}.Release|x64.ActiveCfg = Release|Any CPU
		{FEF53D4B-04B8-44C7-970B-46C0231A1D34}.Release|x64.Build.0 = Release|Any CPU
		{FEF53D4B-04B8-44C7-970B-46C0231A1D34}.Release|x86.ActiveCfg = Release|Any CPU
		{FEF53D4B-04B8-44C7-970B-46C0231A1D34}.Release|x86.Build.0 = Release|Any CPU
		{A443294E-EA76-456F-BBB5-D17E84CE259F}.Debug|Any CPU.ActiveCfg = Debug|Any CPU
		{A443294E-EA76-456F-BBB5-D17E84CE259F}.Debug|Any CPU.Build.0 = Debug|Any CPU
		{A443294E-EA76-456F-BBB5-D17E84CE259F}.Debug|ARM.ActiveCfg = Debug|Any CPU
		{A443294E-EA76-456F-BBB5-D17E84CE259F}.Debug|ARM.Build.0 = Debug|Any CPU
		{A443294E-EA76-456F-BBB5-D17E84CE259F}.Debug|ARM64.ActiveCfg = Debug|Any CPU
		{A443294E-EA76-456F-BBB5-D17E84CE259F}.Debug|ARM64.Build.0 = Debug|Any CPU
		{A443294E-EA76-456F-BBB5-D17E84CE259F}.Debug|x64.ActiveCfg = Debug|Any CPU
		{A443294E-EA76-456F-BBB5-D17E84CE259F}.Debug|x64.Build.0 = Debug|Any CPU
		{A443294E-EA76-456F-BBB5-D17E84CE259F}.Debug|x86.ActiveCfg = Debug|Any CPU
		{A443294E-EA76-456F-BBB5-D17E84CE259F}.Debug|x86.Build.0 = Debug|Any CPU
		{A443294E-EA76-456F-BBB5-D17E84CE259F}.Release|Any CPU.ActiveCfg = Release|Any CPU
		{A443294E-EA76-456F-BBB5-D17E84CE259F}.Release|Any CPU.Build.0 = Release|Any CPU
		{A443294E-EA76-456F-BBB5-D17E84CE259F}.Release|ARM.ActiveCfg = Release|Any CPU
		{A443294E-EA76-456F-BBB5-D17E84CE259F}.Release|ARM.Build.0 = Release|Any CPU
		{A443294E-EA76-456F-BBB5-D17E84CE259F}.Release|ARM64.ActiveCfg = Release|Any CPU
		{A443294E-EA76-456F-BBB5-D17E84CE259F}.Release|ARM64.Build.0 = Release|Any CPU
		{A443294E-EA76-456F-BBB5-D17E84CE259F}.Release|x64.ActiveCfg = Release|Any CPU
		{A443294E-EA76-456F-BBB5-D17E84CE259F}.Release|x64.Build.0 = Release|Any CPU
		{A443294E-EA76-456F-BBB5-D17E84CE259F}.Release|x86.ActiveCfg = Release|Any CPU
		{A443294E-EA76-456F-BBB5-D17E84CE259F}.Release|x86.Build.0 = Release|Any CPU
		{322C487B-F614-4788-8E31-F75B717474A1}.Debug|Any CPU.ActiveCfg = Debug|x64
		{322C487B-F614-4788-8E31-F75B717474A1}.Debug|Any CPU.Build.0 = Debug|x64
		{322C487B-F614-4788-8E31-F75B717474A1}.Debug|ARM.ActiveCfg = Debug|ARM
		{322C487B-F614-4788-8E31-F75B717474A1}.Debug|ARM.Build.0 = Debug|ARM
		{322C487B-F614-4788-8E31-F75B717474A1}.Debug|ARM64.ActiveCfg = Debug|ARM64
		{322C487B-F614-4788-8E31-F75B717474A1}.Debug|ARM64.Build.0 = Debug|ARM64
		{322C487B-F614-4788-8E31-F75B717474A1}.Debug|x64.ActiveCfg = Debug|x64
		{322C487B-F614-4788-8E31-F75B717474A1}.Debug|x64.Build.0 = Debug|x64
		{322C487B-F614-4788-8E31-F75B717474A1}.Debug|x86.ActiveCfg = Debug|x86
		{322C487B-F614-4788-8E31-F75B717474A1}.Debug|x86.Build.0 = Debug|x86
		{322C487B-F614-4788-8E31-F75B717474A1}.Release|Any CPU.ActiveCfg = Release|Any CPU
		{322C487B-F614-4788-8E31-F75B717474A1}.Release|Any CPU.Build.0 = Release|Any CPU
		{322C487B-F614-4788-8E31-F75B717474A1}.Release|ARM.ActiveCfg = Release|ARM
		{322C487B-F614-4788-8E31-F75B717474A1}.Release|ARM.Build.0 = Release|ARM
		{322C487B-F614-4788-8E31-F75B717474A1}.Release|ARM64.ActiveCfg = Release|ARM64
		{322C487B-F614-4788-8E31-F75B717474A1}.Release|ARM64.Build.0 = Release|ARM64
		{322C487B-F614-4788-8E31-F75B717474A1}.Release|x64.ActiveCfg = Release|x64
		{322C487B-F614-4788-8E31-F75B717474A1}.Release|x64.Build.0 = Release|x64
		{322C487B-F614-4788-8E31-F75B717474A1}.Release|x86.ActiveCfg = Release|x86
		{322C487B-F614-4788-8E31-F75B717474A1}.Release|x86.Build.0 = Release|x86
		{BBA6AE6D-443A-4D05-9E3F-2925F8EB3C10}.Debug|Any CPU.ActiveCfg = Debug|Any CPU
		{BBA6AE6D-443A-4D05-9E3F-2925F8EB3C10}.Debug|Any CPU.Build.0 = Debug|Any CPU
		{BBA6AE6D-443A-4D05-9E3F-2925F8EB3C10}.Debug|ARM.ActiveCfg = Debug|Any CPU
		{BBA6AE6D-443A-4D05-9E3F-2925F8EB3C10}.Debug|ARM.Build.0 = Debug|Any CPU
		{BBA6AE6D-443A-4D05-9E3F-2925F8EB3C10}.Debug|ARM64.ActiveCfg = Debug|Any CPU
		{BBA6AE6D-443A-4D05-9E3F-2925F8EB3C10}.Debug|ARM64.Build.0 = Debug|Any CPU
		{BBA6AE6D-443A-4D05-9E3F-2925F8EB3C10}.Debug|x64.ActiveCfg = Debug|Any CPU
		{BBA6AE6D-443A-4D05-9E3F-2925F8EB3C10}.Debug|x64.Build.0 = Debug|Any CPU
		{BBA6AE6D-443A-4D05-9E3F-2925F8EB3C10}.Debug|x86.ActiveCfg = Debug|Any CPU
		{BBA6AE6D-443A-4D05-9E3F-2925F8EB3C10}.Debug|x86.Build.0 = Debug|Any CPU
		{BBA6AE6D-443A-4D05-9E3F-2925F8EB3C10}.Release|Any CPU.ActiveCfg = Release|Any CPU
		{BBA6AE6D-443A-4D05-9E3F-2925F8EB3C10}.Release|Any CPU.Build.0 = Release|Any CPU
		{BBA6AE6D-443A-4D05-9E3F-2925F8EB3C10}.Release|ARM.ActiveCfg = Release|Any CPU
		{BBA6AE6D-443A-4D05-9E3F-2925F8EB3C10}.Release|ARM.Build.0 = Release|Any CPU
		{BBA6AE6D-443A-4D05-9E3F-2925F8EB3C10}.Release|ARM64.ActiveCfg = Release|Any CPU
		{BBA6AE6D-443A-4D05-9E3F-2925F8EB3C10}.Release|ARM64.Build.0 = Release|Any CPU
		{BBA6AE6D-443A-4D05-9E3F-2925F8EB3C10}.Release|x64.ActiveCfg = Release|Any CPU
		{BBA6AE6D-443A-4D05-9E3F-2925F8EB3C10}.Release|x64.Build.0 = Release|Any CPU
		{BBA6AE6D-443A-4D05-9E3F-2925F8EB3C10}.Release|x86.ActiveCfg = Release|Any CPU
		{BBA6AE6D-443A-4D05-9E3F-2925F8EB3C10}.Release|x86.Build.0 = Release|Any CPU
	EndGlobalSection
	GlobalSection(SolutionProperties) = preSolution
		HideSolutionNode = FALSE
	EndGlobalSection
	GlobalSection(ExtensibilityGlobals) = postSolution
		SolutionGuid = {3FDBADB1-0A22-4DC3-8024-592287F9490D}
	EndGlobalSection
EndGlobal
